
Microsoft Visual Studio Solution File, Format Version 12.00
# Visual Studio 15
Project("{FAE04EC0-301F-11D3-BF4B-00C04F79EFBC}") = "UnityEngine.TestRunner", "UnityEngine.TestRunner.csproj", "{BB69BE02-8397-E0D7-A512-0A3146F31D02}"
EndProject
Project("{FAE04EC0-301F-11D3-BF4B-00C04F79EFBC}") = "Unity.Mathematics", "Unity.Mathematics.csproj", "{5AA5E68D-C355-D1CB-10FF-8560349496D4}"
EndProject
Project("{FAE04EC0-301F-11D3-BF4B-00C04F79EFBC}") = "Unity.Timeline", "Unity.Timeline.csproj", "{A6153F7D-EA24-6758-EDF6-650325408998}"
EndProject
Project("{FAE04EC0-301F-11D3-BF4B-00C04F79EFBC}") = "UnityEngine.UI", "UnityEngine.UI.csproj", "{6D99AC6C-A2A3-6D60-F5C3-DE095371AC86}"
EndProject
Project("{FAE04EC0-301F-11D3-BF4B-00C04F79EFBC}") = "Unity.TextMeshPro", "Unity.TextMeshPro.csproj", "{B78766A7-4F96-B2B9-0365-A56CAEA342BF}"
EndProject
Project("{FAE04EC0-301F-11D3-BF4B-00C04F79EFBC}") = "Unity.2D.Animation.Runtime", "Unity.2D.Animation.Runtime.csproj", "{11A91961-33F9-E872-2791-50E7AA2D9854}"
EndProject
Project("{FAE04EC0-301F-11D3-BF4B-00C04F79EFBC}") = "Assembly-CSharp", "Assembly-CSharp.csproj", "{FCF3CC6B-1639-2F5F-524D-34ABC3043195}"
EndProject
Project("{FAE04EC0-301F-11D3-BF4B-00C04F79EFBC}") = "Unity.2D.IK.Runtime", "Unity.2D.IK.Runtime.csproj", "{F97C3AAA-803C-AD98-878D-5CE7909C8A45}"
EndProject
Project("{FAE04EC0-301F-11D3-BF4B-00C04F79EFBC}") = "Unity.2D.SpriteShape.Runtime", "Unity.2D.SpriteShape.Runtime.csproj", "{0EF39230-0499-624D-42F3-743D08CE8F44}"
EndProject
Project("{FAE04EC0-301F-11D3-BF4B-00C04F79EFBC}") = "Unity.2D.PixelPerfect", "Unity.2D.PixelPerfect.csproj", "{1028AB17-66AC-F9F2-4587-80CB2E8104DD}"
EndProject
Project("{FAE04EC0-301F-11D3-BF4B-00C04F79EFBC}") = "Unity.2D.Common.Runtime", "Unity.2D.Common.Runtime.csproj", "{0C588BE0-AFA6-6DCC-9F6F-124D0DAD947F}"
EndProject
Project("{FAE04EC0-301F-11D3-BF4B-00C04F79EFBC}") = "Unity.InternalAPIEngineBridge.001", "Unity.InternalAPIEngineBridge.001.csproj", "{3DF4A867-099E-CF79-BD6B-547FC31F909D}"
EndProject
Project("{FAE04EC0-301F-11D3-BF4B-00C04F79EFBC}") = "UnityEditor.TestRunner", "UnityEditor.TestRunner.csproj", "{0852983A-4590-3A76-6A99-E48ED23D8C65}"
EndProject
Project("{FAE04EC0-301F-11D3-BF4B-00C04F79EFBC}") = "Unity.PlasticSCM.Editor", "Unity.PlasticSCM.Editor.csproj", "{7ACD1BF9-DD6B-3A65-E4EC-1F7157550F83}"
EndProject
Project("{FAE04EC0-301F-11D3-BF4B-00C04F79EFBC}") = "Unity.2D.Animation.Triangle.Editor", "Unity.2D.Animation.Triangle.Editor.csproj", "{09D9F744-05DF-FC3C-F949-A4CA31AC2CDA}"
EndProject
Project("{FAE04EC0-301F-11D3-BF4B-00C04F79EFBC}") = "UnityEditor.UI", "UnityEditor.UI.csproj", "{E924AB8B-75C3-2A0B-7578-6AAE7339BB89}"
EndProject
Project("{FAE04EC0-301F-11D3-BF4B-00C04F79EFBC}") = "Unity.Services.Core.Editor", "Unity.Services.Core.Editor.csproj", "{7E071168-9DA1-82EE-193A-804A6A441D17}"
EndProject
Project("{FAE04EC0-301F-11D3-BF4B-00C04F79EFBC}") = "Unity.Timeline.Editor", "Unity.Timeline.Editor.csproj", "{33303396-5026-3BDF-0526-6B28E25322C2}"
EndProject
Project("{FAE04EC0-301F-11D3-BF4B-00C04F79EFBC}") = "Unity.VisualStudio.Editor", "Unity.VisualStudio.Editor.csproj", "{0A0B831E-87B9-762C-CBD5-18CCA1883BC1}"
EndProject
Project("{FAE04EC0-301F-11D3-BF4B-00C04F79EFBC}") = "Unity.2D.Psdimporter.Editor", "Unity.2D.Psdimporter.Editor.csproj", "{F16305EF-F3DB-D844-82DC-4DBDC93A7B90}"
EndProject
Project("{FAE04EC0-301F-11D3-BF4B-00C04F79EFBC}") = "Unity.2D.Animation.Editor", "Unity.2D.Animation.Editor.csproj", "{3A0ACAD4-5B56-FAB7-90C3-4F2A8540EB57}"
EndProject
Project("{FAE04EC0-301F-11D3-BF4B-00C04F79EFBC}") = "Unity.TextMeshPro.Editor", "Unity.TextMeshPro.Editor.csproj", "{82D99F13-06A0-C98E-332E-2A52FC925CED}"
EndProject
Project("{FAE04EC0-301F-11D3-BF4B-00C04F79EFBC}") = "Unity.2D.SpriteShape.Editor", "Unity.2D.SpriteShape.Editor.csproj", "{CBAE29BE-9601-E4E7-D36D-6DCBC71E7338}"
EndProject
Project("{FAE04EC0-301F-11D3-BF4B-00C04F79EFBC}") = "Unity.CollabProxy.Editor", "Unity.CollabProxy.Editor.csproj", "{8292698B-F3B2-4C02-D21A-FA749B538555}"
EndProject
Project("{FAE04EC0-301F-11D3-BF4B-00C04F79EFBC}") = "PsdPlugin", "PsdPlugin.csproj", "{10CA0624-FEB8-2823-B24B-AFA790C0D9A5}"
EndProject
Project("{FAE04EC0-301F-11D3-BF4B-00C04F79EFBC}") = "Unity.2D.Path.Editor", "Unity.2D.Path.Editor.csproj", "{F9F8ACF5-3804-E7F9-B680-B3E42DC9A99E}"
EndProject
Project("{FAE04EC0-301F-11D3-BF4B-00C04F79EFBC}") = "Unity.Rider.Editor", "Unity.Rider.Editor.csproj", "{E4509C2B-2F68-88CE-5ABE-E409B8EB3C1B}"
EndProject
Project("{FAE04EC0-301F-11D3-BF4B-00C04F79EFBC}") = "Unity.2D.IK.Editor", "Unity.2D.IK.Editor.csproj", "{0E4A1693-2C98-783F-3356-A9C6424B047A}"
EndProject
Project("{FAE04EC0-301F-11D3-BF4B-00C04F79EFBC}") = "Unity.2D.Sprite.Editor", "Unity.2D.Sprite.Editor.csproj", "{921BCC69-9AA6-BC9A-7E42-54A0F3AA5A78}"
EndProject
Project("{FAE04EC0-301F-11D3-BF4B-00C04F79EFBC}") = "Unity.2D.Tilemap.Editor", "Unity.2D.Tilemap.Editor.csproj", "{5D8779BB-541C-4C5A-7BC6-7F6AB4FB7CD8}"
EndProject
Project("{FAE04EC0-301F-11D3-BF4B-00C04F79EFBC}") = "Unity.2D.PixelPerfect.Editor", "Unity.2D.PixelPerfect.Editor.csproj", "{E460C248-822B-D814-CEAA-77E07FF12847}"
EndProject
Project("{FAE04EC0-301F-11D3-BF4B-00C04F79EFBC}") = "Unity.VSCode.Editor", "Unity.VSCode.Editor.csproj", "{2D6F3B48-4626-1500-BEB3-8B3D23DB966C}"
EndProject
Project("{FAE04EC0-301F-11D3-BF4B-00C04F79EFBC}") = "Unity.2D.Common.Editor", "Unity.2D.Common.Editor.csproj", "{8B88F6A5-6676-08EB-F876-5BB033C3F368}"
EndProject
Project("{FAE04EC0-301F-11D3-BF4B-00C04F79EFBC}") = "Unity.Mathematics.Editor", "Unity.Mathematics.Editor.csproj", "{7386325D-4D63-ECB4-3100-D547D2F70169}"
EndProject
Project("{FAE04EC0-301F-11D3-BF4B-00C04F79EFBC}") = "Unity.InternalAPIEditorBridge.001", "Unity.InternalAPIEditorBridge.001.csproj", "{DF64D674-5930-8C2B-BD66-4B81D7C99156}"
EndProject
Project("{FAE04EC0-301F-11D3-BF4B-00C04F79EFBC}") = "UnityEngine.TestRunner", "UnityEngine.TestRunner.Player.csproj", "{FD778513-3F52-E57C-3BF3-A0B26F5D8FE0}"
EndProject
Project("{FAE04EC0-301F-11D3-BF4B-00C04F79EFBC}") = "Unity.Mathematics", "Unity.Mathematics.Player.csproj", "{C824F575-DCE6-B730-0049-2B9AAC8608DE}"
EndProject
Project("{FAE04EC0-301F-11D3-BF4B-00C04F79EFBC}") = "Unity.Timeline", "Unity.Timeline.Player.csproj", "{A37F6D23-42F1-F26E-3BBA-EFA3267F4874}"
EndProject
Project("{FAE04EC0-301F-11D3-BF4B-00C04F79EFBC}") = "UnityEngine.UI", "UnityEngine.UI.Player.csproj", "{E3043B96-1416-64F4-A299-EF786423923F}"
EndProject
Project("{FAE04EC0-301F-11D3-BF4B-00C04F79EFBC}") = "Unity.TextMeshPro", "Unity.TextMeshPro.Player.csproj", "{71A48FDF-CA4E-E176-93A1-41805D908177}"
EndProject
Project("{FAE04EC0-301F-11D3-BF4B-00C04F79EFBC}") = "Unity.2D.Animation.Runtime", "Unity.2D.Animation.Runtime.Player.csproj", "{0496B726-D52D-D184-CD90-FD0CBDB7F5E3}"
EndProject
Project("{FAE04EC0-301F-11D3-BF4B-00C04F79EFBC}") = "Assembly-CSharp", "Assembly-CSharp.Player.csproj", "{D5CF8F58-739A-5F33-506C-CD3B06413943}"
EndProject
Project("{FAE04EC0-301F-11D3-BF4B-00C04F79EFBC}") = "Unity.2D.IK.Runtime", "Unity.2D.IK.Runtime.Player.csproj", "{AB53EC3B-766A-2109-B47F-4043C6B07912}"
EndProject
Project("{FAE04EC0-301F-11D3-BF4B-00C04F79EFBC}") = "Unity.2D.SpriteShape.Runtime", "Unity.2D.SpriteShape.Runtime.Player.csproj", "{C81D0449-2399-4EC0-517E-1DCE2DEB92DA}"
EndProject
Project("{FAE04EC0-301F-11D3-BF4B-00C04F79EFBC}") = "Unity.2D.PixelPerfect", "Unity.2D.PixelPerfect.Player.csproj", "{F0DDA60E-A821-0C4A-748E-E7F9DF15C112}"
EndProject
Project("{FAE04EC0-301F-11D3-BF4B-00C04F79EFBC}") = "Unity.2D.Common.Runtime", "Unity.2D.Common.Runtime.Player.csproj", "{BBF6E75D-B0E8-D2D2-1076-202EB073DC0D}"
EndProject
Project("{FAE04EC0-301F-11D3-BF4B-00C04F79EFBC}") = "Unity.InternalAPIEngineBridge.001", "Unity.InternalAPIEngineBridge.001.Player.csproj", "{999F1F52-4B6D-B751-C304-B0B9B17DB3B5}"
EndProject
Global
	GlobalSection(SolutionConfigurationPlatforms) = preSolution
		Debug|Any CPU = Debug|Any CPU
		Release|Any CPU = Release|Any CPU
	EndGlobalSection
	GlobalSection(ProjectConfigurationPlatforms) = postSolution
		{BB69BE02-8397-E0D7-A512-0A3146F31D02}.Debug|Any CPU.ActiveCfg = Debug|Any CPU
		{BB69BE02-8397-E0D7-A512-0A3146F31D02}.Debug|Any CPU.Build.0 = Debug|Any CPU
		{BB69BE02-8397-E0D7-A512-0A3146F31D02}.Release|Any CPU.ActiveCfg = Release|Any CPU
		{BB69BE02-8397-E0D7-A512-0A3146F31D02}.Release|Any CPU.Build.0 = Release|Any CPU
		{5AA5E68D-C355-D1CB-10FF-8560349496D4}.Debug|Any CPU.ActiveCfg = Debug|Any CPU
		{5AA5E68D-C355-D1CB-10FF-8560349496D4}.Debug|Any CPU.Build.0 = Debug|Any CPU
		{5AA5E68D-C355-D1CB-10FF-8560349496D4}.Release|Any CPU.ActiveCfg = Release|Any CPU
		{5AA5E68D-C355-D1CB-10FF-8560349496D4}.Release|Any CPU.Build.0 = Release|Any CPU
		{A6153F7D-EA24-6758-EDF6-650325408998}.Debug|Any CPU.ActiveCfg = Debug|Any CPU
		{A6153F7D-EA24-6758-EDF6-650325408998}.Debug|Any CPU.Build.0 = Debug|Any CPU
		{A6153F7D-EA24-6758-EDF6-650325408998}.Release|Any CPU.ActiveCfg = Release|Any CPU
		{A6153F7D-EA24-6758-EDF6-650325408998}.Release|Any CPU.Build.0 = Release|Any CPU
		{6D99AC6C-A2A3-6D60-F5C3-DE095371AC86}.Debug|Any CPU.ActiveCfg = Debug|Any CPU
		{6D99AC6C-A2A3-6D60-F5C3-DE095371AC86}.Debug|Any CPU.Build.0 = Debug|Any CPU
		{6D99AC6C-A2A3-6D60-F5C3-DE095371AC86}.Release|Any CPU.ActiveCfg = Release|Any CPU
		{6D99AC6C-A2A3-6D60-F5C3-DE095371AC86}.Release|Any CPU.Build.0 = Release|Any CPU
		{B78766A7-4F96-B2B9-0365-A56CAEA342BF}.Debug|Any CPU.ActiveCfg = Debug|Any CPU
		{B78766A7-4F96-B2B9-0365-A56CAEA342BF}.Debug|Any CPU.Build.0 = Debug|Any CPU
		{B78766A7-4F96-B2B9-0365-A56CAEA342BF}.Release|Any CPU.ActiveCfg = Release|Any CPU
		{B78766A7-4F96-B2B9-0365-A56CAEA342BF}.Release|Any CPU.Build.0 = Release|Any CPU
		{11A91961-33F9-E872-2791-50E7AA2D9854}.Debug|Any CPU.ActiveCfg = Debug|Any CPU
		{11A91961-33F9-E872-2791-50E7AA2D9854}.Debug|Any CPU.Build.0 = Debug|Any CPU
		{11A91961-33F9-E872-2791-50E7AA2D9854}.Release|Any CPU.ActiveCfg = Release|Any CPU
		{11A91961-33F9-E872-2791-50E7AA2D9854}.Release|Any CPU.Build.0 = Release|Any CPU
		{FCF3CC6B-1639-2F5F-524D-34ABC3043195}.Debug|Any CPU.ActiveCfg = Debug|Any CPU
		{FCF3CC6B-1639-2F5F-524D-34ABC3043195}.Debug|Any CPU.Build.0 = Debug|Any CPU
		{FCF3CC6B-1639-2F5F-524D-34ABC3043195}.Release|Any CPU.ActiveCfg = Release|Any CPU
		{FCF3CC6B-1639-2F5F-524D-34ABC3043195}.Release|Any CPU.Build.0 = Release|Any CPU
		{F97C3AAA-803C-AD98-878D-5CE7909C8A45}.Debug|Any CPU.ActiveCfg = Debug|Any CPU
		{F97C3AAA-803C-AD98-878D-5CE7909C8A45}.Debug|Any CPU.Build.0 = Debug|Any CPU
		{F97C3AAA-803C-AD98-878D-5CE7909C8A45}.Release|Any CPU.ActiveCfg = Release|Any CPU
		{F97C3AAA-803C-AD98-878D-5CE7909C8A45}.Release|Any CPU.Build.0 = Release|Any CPU
		{0EF39230-0499-624D-42F3-743D08CE8F44}.Debug|Any CPU.ActiveCfg = Debug|Any CPU
		{0EF39230-0499-624D-42F3-743D08CE8F44}.Debug|Any CPU.Build.0 = Debug|Any CPU
		{0EF39230-0499-624D-42F3-743D08CE8F44}.Release|Any CPU.ActiveCfg = Release|Any CPU
		{0EF39230-0499-624D-42F3-743D08CE8F44}.Release|Any CPU.Build.0 = Release|Any CPU
		{1028AB17-66AC-F9F2-4587-80CB2E8104DD}.Debug|Any CPU.ActiveCfg = Debug|Any CPU
		{1028AB17-66AC-F9F2-4587-80CB2E8104DD}.Debug|Any CPU.Build.0 = Debug|Any CPU
		{1028AB17-66AC-F9F2-4587-80CB2E8104DD}.Release|Any CPU.ActiveCfg = Release|Any CPU
		{1028AB17-66AC-F9F2-4587-80CB2E8104DD}.Release|Any CPU.Build.0 = Release|Any CPU
		{0C588BE0-AFA6-6DCC-9F6F-124D0DAD947F}.Debug|Any CPU.ActiveCfg = Debug|Any CPU
		{0C588BE0-AFA6-6DCC-9F6F-124D0DAD947F}.Debug|Any CPU.Build.0 = Debug|Any CPU
		{0C588BE0-AFA6-6DCC-9F6F-124D0DAD947F}.Release|Any CPU.ActiveCfg = Release|Any CPU
		{0C588BE0-AFA6-6DCC-9F6F-124D0DAD947F}.Release|Any CPU.Build.0 = Release|Any CPU
		{3DF4A867-099E-CF79-BD6B-547FC31F909D}.Debug|Any CPU.ActiveCfg = Debug|Any CPU
		{3DF4A867-099E-CF79-BD6B-547FC31F909D}.Debug|Any CPU.Build.0 = Debug|Any CPU
		{3DF4A867-099E-CF79-BD6B-547FC31F909D}.Release|Any CPU.ActiveCfg = Release|Any CPU
		{3DF4A867-099E-CF79-BD6B-547FC31F909D}.Release|Any CPU.Build.0 = Release|Any CPU
		{0852983A-4590-3A76-6A99-E48ED23D8C65}.Debug|Any CPU.ActiveCfg = Debug|Any CPU
		{0852983A-4590-3A76-6A99-E48ED23D8C65}.Debug|Any CPU.Build.0 = Debug|Any CPU
		{0852983A-4590-3A76-6A99-E48ED23D8C65}.Release|Any CPU.ActiveCfg = Release|Any CPU
		{0852983A-4590-3A76-6A99-E48ED23D8C65}.Release|Any CPU.Build.0 = Release|Any CPU
		{7ACD1BF9-DD6B-3A65-E4EC-1F7157550F83}.Debug|Any CPU.ActiveCfg = Debug|Any CPU
		{7ACD1BF9-DD6B-3A65-E4EC-1F7157550F83}.Debug|Any CPU.Build.0 = Debug|Any CPU
		{7ACD1BF9-DD6B-3A65-E4EC-1F7157550F83}.Release|Any CPU.ActiveCfg = Release|Any CPU
		{7ACD1BF9-DD6B-3A65-E4EC-1F7157550F83}.Release|Any CPU.Build.0 = Release|Any CPU
		{09D9F744-05DF-FC3C-F949-A4CA31AC2CDA}.Debug|Any CPU.ActiveCfg = Debug|Any CPU
		{09D9F744-05DF-FC3C-F949-A4CA31AC2CDA}.Debug|Any CPU.Build.0 = Debug|Any CPU
		{09D9F744-05DF-FC3C-F949-A4CA31AC2CDA}.Release|Any CPU.ActiveCfg = Release|Any CPU
		{09D9F744-05DF-FC3C-F949-A4CA31AC2CDA}.Release|Any CPU.Build.0 = Release|Any CPU
		{E924AB8B-75C3-2A0B-7578-6AAE7339BB89}.Debug|Any CPU.ActiveCfg = Debug|Any CPU
		{E924AB8B-75C3-2A0B-7578-6AAE7339BB89}.Debug|Any CPU.Build.0 = Debug|Any CPU
		{E924AB8B-75C3-2A0B-7578-6AAE7339BB89}.Release|Any CPU.ActiveCfg = Release|Any CPU
		{E924AB8B-75C3-2A0B-7578-6AAE7339BB89}.Release|Any CPU.Build.0 = Release|Any CPU
		{7E071168-9DA1-82EE-193A-804A6A441D17}.Debug|Any CPU.ActiveCfg = Debug|Any CPU
		{7E071168-9DA1-82EE-193A-804A6A441D17}.Debug|Any CPU.Build.0 = Debug|Any CPU
		{7E071168-9DA1-82EE-193A-804A6A441D17}.Release|Any CPU.ActiveCfg = Release|Any CPU
		{7E071168-9DA1-82EE-193A-804A6A441D17}.Release|Any CPU.Build.0 = Release|Any CPU
		{33303396-5026-3BDF-0526-6B28E25322C2}.Debug|Any CPU.ActiveCfg = Debug|Any CPU
		{33303396-5026-3BDF-0526-6B28E25322C2}.Debug|Any CPU.Build.0 = Debug|Any CPU
		{33303396-5026-3BDF-0526-6B28E25322C2}.Release|Any CPU.ActiveCfg = Release|Any CPU
		{33303396-5026-3BDF-0526-6B28E25322C2}.Release|Any CPU.Build.0 = Release|Any CPU
		{0A0B831E-87B9-762C-CBD5-18CCA1883BC1}.Debug|Any CPU.ActiveCfg = Debug|Any CPU
		{0A0B831E-87B9-762C-CBD5-18CCA1883BC1}.Debug|Any CPU.Build.0 = Debug|Any CPU
		{0A0B831E-87B9-762C-CBD5-18CCA1883BC1}.Release|Any CPU.ActiveCfg = Release|Any CPU
		{0A0B831E-87B9-762C-CBD5-18CCA1883BC1}.Release|Any CPU.Build.0 = Release|Any CPU
		{F16305EF-F3DB-D844-82DC-4DBDC93A7B90}.Debug|Any CPU.ActiveCfg = Debug|Any CPU
		{F16305EF-F3DB-D844-82DC-4DBDC93A7B90}.Debug|Any CPU.Build.0 = Debug|Any CPU
		{F16305EF-F3DB-D844-82DC-4DBDC93A7B90}.Release|Any CPU.ActiveCfg = Release|Any CPU
		{F16305EF-F3DB-D844-82DC-4DBDC93A7B90}.Release|Any CPU.Build.0 = Release|Any CPU
		{3A0ACAD4-5B56-FAB7-90C3-4F2A8540EB57}.Debug|Any CPU.ActiveCfg = Debug|Any CPU
		{3A0ACAD4-5B56-FAB7-90C3-4F2A8540EB57}.Debug|Any CPU.Build.0 = Debug|Any CPU
		{3A0ACAD4-5B56-FAB7-90C3-4F2A8540EB57}.Release|Any CPU.ActiveCfg = Release|Any CPU
		{3A0ACAD4-5B56-FAB7-90C3-4F2A8540EB57}.Release|Any CPU.Build.0 = Release|Any CPU
		{82D99F13-06A0-C98E-332E-2A52FC925CED}.Debug|Any CPU.ActiveCfg = Debug|Any CPU
		{82D99F13-06A0-C98E-332E-2A52FC925CED}.Debug|Any CPU.Build.0 = Debug|Any CPU
		{82D99F13-06A0-C98E-332E-2A52FC925CED}.Release|Any CPU.ActiveCfg = Release|Any CPU
		{82D99F13-06A0-C98E-332E-2A52FC925CED}.Release|Any CPU.Build.0 = Release|Any CPU
		{CBAE29BE-9601-E4E7-D36D-6DCBC71E7338}.Debug|Any CPU.ActiveCfg = Debug|Any CPU
		{CBAE29BE-9601-E4E7-D36D-6DCBC71E7338}.Debug|Any CPU.Build.0 = Debug|Any CPU
		{CBAE29BE-9601-E4E7-D36D-6DCBC71E7338}.Release|Any CPU.ActiveCfg = Release|Any CPU
		{CBAE29BE-9601-E4E7-D36D-6DCBC71E7338}.Release|Any CPU.Build.0 = Release|Any CPU
		{8292698B-F3B2-4C02-D21A-FA749B538555}.Debug|Any CPU.ActiveCfg = Debug|Any CPU
		{8292698B-F3B2-4C02-D21A-FA749B538555}.Debug|Any CPU.Build.0 = Debug|Any CPU
		{8292698B-F3B2-4C02-D21A-FA749B538555}.Release|Any CPU.ActiveCfg = Release|Any CPU
		{8292698B-F3B2-4C02-D21A-FA749B538555}.Release|Any CPU.Build.0 = Release|Any CPU
		{10CA0624-FEB8-2823-B24B-AFA790C0D9A5}.Debug|Any CPU.ActiveCfg = Debug|Any CPU
		{10CA0624-FEB8-2823-B24B-AFA790C0D9A5}.Debug|Any CPU.Build.0 = Debug|Any CPU
		{10CA0624-FEB8-2823-B24B-AFA790C0D9A5}.Release|Any CPU.ActiveCfg = Release|Any CPU
		{10CA0624-FEB8-2823-B24B-AFA790C0D9A5}.Release|Any CPU.Build.0 = Release|Any CPU
		{F9F8ACF5-3804-E7F9-B680-B3E42DC9A99E}.Debug|Any CPU.ActiveCfg = Debug|Any CPU
		{F9F8ACF5-3804-E7F9-B680-B3E42DC9A99E}.Debug|Any CPU.Build.0 = Debug|Any CPU
		{F9F8ACF5-3804-E7F9-B680-B3E42DC9A99E}.Release|Any CPU.ActiveCfg = Release|Any CPU
		{F9F8ACF5-3804-E7F9-B680-B3E42DC9A99E}.Release|Any CPU.Build.0 = Release|Any CPU
		{E4509C2B-2F68-88CE-5ABE-E409B8EB3C1B}.Debug|Any CPU.ActiveCfg = Debug|Any CPU
		{E4509C2B-2F68-88CE-5ABE-E409B8EB3C1B}.Debug|Any CPU.Build.0 = Debug|Any CPU
		{E4509C2B-2F68-88CE-5ABE-E409B8EB3C1B}.Release|Any CPU.ActiveCfg = Release|Any CPU
		{E4509C2B-2F68-88CE-5ABE-E409B8EB3C1B}.Release|Any CPU.Build.0 = Release|Any CPU
		{0E4A1693-2C98-783F-3356-A9C6424B047A}.Debug|Any CPU.ActiveCfg = Debug|Any CPU
		{0E4A1693-2C98-783F-3356-A9C6424B047A}.Debug|Any CPU.Build.0 = Debug|Any CPU
		{0E4A1693-2C98-783F-3356-A9C6424B047A}.Release|Any CPU.ActiveCfg = Release|Any CPU
		{0E4A1693-2C98-783F-3356-A9C6424B047A}.Release|Any CPU.Build.0 = Release|Any CPU
		{921BCC69-9AA6-BC9A-7E42-54A0F3AA5A78}.Debug|Any CPU.ActiveCfg = Debug|Any CPU
		{921BCC69-9AA6-BC9A-7E42-54A0F3AA5A78}.Debug|Any CPU.Build.0 = Debug|Any CPU
		{921BCC69-9AA6-BC9A-7E42-54A0F3AA5A78}.Release|Any CPU.ActiveCfg = Release|Any CPU
		{921BCC69-9AA6-BC9A-7E42-54A0F3AA5A78}.Release|Any CPU.Build.0 = Release|Any CPU
		{5D8779BB-541C-4C5A-7BC6-7F6AB4FB7CD8}.Debug|Any CPU.ActiveCfg = Debug|Any CPU
		{5D8779BB-541C-4C5A-7BC6-7F6AB4FB7CD8}.Debug|Any CPU.Build.0 = Debug|Any CPU
		{5D8779BB-541C-4C5A-7BC6-7F6AB4FB7CD8}.Release|Any CPU.ActiveCfg = Release|Any CPU
		{5D8779BB-541C-4C5A-7BC6-7F6AB4FB7CD8}.Release|Any CPU.Build.0 = Release|Any CPU
		{E460C248-822B-D814-CEAA-77E07FF12847}.Debug|Any CPU.ActiveCfg = Debug|Any CPU
		{E460C248-822B-D814-CEAA-77E07FF12847}.Debug|Any CPU.Build.0 = Debug|Any CPU
		{E460C248-822B-D814-CEAA-77E07FF12847}.Release|Any CPU.ActiveCfg = Release|Any CPU
		{E460C248-822B-D814-CEAA-77E07FF12847}.Release|Any CPU.Build.0 = Release|Any CPU
		{2D6F3B48-4626-1500-BEB3-8B3D23DB966C}.Debug|Any CPU.ActiveCfg = Debug|Any CPU
		{2D6F3B48-4626-1500-BEB3-8B3D23DB966C}.Debug|Any CPU.Build.0 = Debug|Any CPU
		{2D6F3B48-4626-1500-BEB3-8B3D23DB966C}.Release|Any CPU.ActiveCfg = Release|Any CPU
		{2D6F3B48-4626-1500-BEB3-8B3D23DB966C}.Release|Any CPU.Build.0 = Release|Any CPU
		{8B88F6A5-6676-08EB-F876-5BB033C3F368}.Debug|Any CPU.ActiveCfg = Debug|Any CPU
		{8B88F6A5-6676-08EB-F876-5BB033C3F368}.Debug|Any CPU.Build.0 = Debug|Any CPU
		{8B88F6A5-6676-08EB-F876-5BB033C3F368}.Release|Any CPU.ActiveCfg = Release|Any CPU
		{8B88F6A5-6676-08EB-F876-5BB033C3F368}.Release|Any CPU.Build.0 = Release|Any CPU
		{7386325D-4D63-ECB4-3100-D547D2F70169}.Debug|Any CPU.ActiveCfg = Debug|Any CPU
		{7386325D-4D63-ECB4-3100-D547D2F70169}.Debug|Any CPU.Build.0 = Debug|Any CPU
		{7386325D-4D63-ECB4-3100-D547D2F70169}.Release|Any CPU.ActiveCfg = Release|Any CPU
		{7386325D-4D63-ECB4-3100-D547D2F70169}.Release|Any CPU.Build.0 = Release|Any CPU
		{DF64D674-5930-8C2B-BD66-4B81D7C99156}.Debug|Any CPU.ActiveCfg = Debug|Any CPU
		{DF64D674-5930-8C2B-BD66-4B81D7C99156}.Debug|Any CPU.Build.0 = Debug|Any CPU
		{DF64D674-5930-8C2B-BD66-4B81D7C99156}.Release|Any CPU.ActiveCfg = Release|Any CPU
		{DF64D674-5930-8C2B-BD66-4B81D7C99156}.Release|Any CPU.Build.0 = Release|Any CPU
		{FD778513-3F52-E57C-3BF3-A0B26F5D8FE0}.Debug|Any CPU.ActiveCfg = Debug|Any CPU
		{FD778513-3F52-E57C-3BF3-A0B26F5D8FE0}.Debug|Any CPU.Build.0 = Debug|Any CPU
		{FD778513-3F52-E57C-3BF3-A0B26F5D8FE0}.Release|Any CPU.ActiveCfg = Release|Any CPU
		{FD778513-3F52-E57C-3BF3-A0B26F5D8FE0}.Release|Any CPU.Build.0 = Release|Any CPU
		{C824F575-DCE6-B730-0049-2B9AAC8608DE}.Debug|Any CPU.ActiveCfg = Debug|Any CPU
		{C824F575-DCE6-B730-0049-2B9AAC8608DE}.Debug|Any CPU.Build.0 = Debug|Any CPU
		{C824F575-DCE6-B730-0049-2B9AAC8608DE}.Release|Any CPU.ActiveCfg = Release|Any CPU
		{C824F575-DCE6-B730-0049-2B9AAC8608DE}.Release|Any CPU.Build.0 = Release|Any CPU
		{A37F6D23-42F1-F26E-3BBA-EFA3267F4874}.Debug|Any CPU.ActiveCfg = Debug|Any CPU
		{A37F6D23-42F1-F26E-3BBA-EFA3267F4874}.Debug|Any CPU.Build.0 = Debug|Any CPU
		{A37F6D23-42F1-F26E-3BBA-EFA3267F4874}.Release|Any CPU.ActiveCfg = Release|Any CPU
		{A37F6D23-42F1-F26E-3BBA-EFA3267F4874}.Release|Any CPU.Build.0 = Release|Any CPU
		{E3043B96-1416-64F4-A299-EF786423923F}.Debug|Any CPU.ActiveCfg = Debug|Any CPU
		{E3043B96-1416-64F4-A299-EF786423923F}.Debug|Any CPU.Build.0 = Debug|Any CPU
		{E3043B96-1416-64F4-A299-EF786423923F}.Release|Any CPU.ActiveCfg = Release|Any CPU
		{E3043B96-1416-64F4-A299-EF786423923F}.Release|Any CPU.Build.0 = Release|Any CPU
		{71A48FDF-CA4E-E176-93A1-41805D908177}.Debug|Any CPU.ActiveCfg = Debug|Any CPU
		{71A48FDF-CA4E-E176-93A1-41805D908177}.Debug|Any CPU.Build.0 = Debug|Any CPU
		{71A48FDF-CA4E-E176-93A1-41805D908177}.Release|Any CPU.ActiveCfg = Release|Any CPU
		{71A48FDF-CA4E-E176-93A1-41805D908177}.Release|Any CPU.Build.0 = Release|Any CPU
		{0496B726-D52D-D184-CD90-FD0CBDB7F5E3}.Debug|Any CPU.ActiveCfg = Debug|Any CPU
		{0496B726-D52D-D184-CD90-FD0CBDB7F5E3}.Debug|Any CPU.Build.0 = Debug|Any CPU
		{0496B726-D52D-D184-CD90-FD0CBDB7F5E3}.Release|Any CPU.ActiveCfg = Release|Any CPU
		{0496B726-D52D-D184-CD90-FD0CBDB7F5E3}.Release|Any CPU.Build.0 = Release|Any CPU
		{D5CF8F58-739A-5F33-506C-CD3B06413943}.Debug|Any CPU.ActiveCfg = Debug|Any CPU
		{D5CF8F58-739A-5F33-506C-CD3B06413943}.Debug|Any CPU.Build.0 = Debug|Any CPU
		{D5CF8F58-739A-5F33-506C-CD3B06413943}.Release|Any CPU.ActiveCfg = Release|Any CPU
		{D5CF8F58-739A-5F33-506C-CD3B06413943}.Release|Any CPU.Build.0 = Release|Any CPU
		{AB53EC3B-766A-2109-B47F-4043C6B07912}.Debug|Any CPU.ActiveCfg = Debug|Any CPU
		{AB53EC3B-766A-2109-B47F-4043C6B07912}.Debug|Any CPU.Build.0 = Debug|Any CPU
		{AB53EC3B-766A-2109-B47F-4043C6B07912}.Release|Any CPU.ActiveCfg = Release|Any CPU
		{AB53EC3B-766A-2109-B47F-4043C6B07912}.Release|Any CPU.Build.0 = Release|Any CPU
		{C81D0449-2399-4EC0-517E-1DCE2DEB92DA}.Debug|Any CPU.ActiveCfg = Debug|Any CPU
		{C81D0449-2399-4EC0-517E-1DCE2DEB92DA}.Debug|Any CPU.Build.0 = Debug|Any CPU
		{C81D0449-2399-4EC0-517E-1DCE2DEB92DA}.Release|Any CPU.ActiveCfg = Release|Any CPU
		{C81D0449-2399-4EC0-517E-1DCE2DEB92DA}.Release|Any CPU.Build.0 = Release|Any CPU
		{F0DDA60E-A821-0C4A-748E-E7F9DF15C112}.Debug|Any CPU.ActiveCfg = Debug|Any CPU
		{F0DDA60E-A821-0C4A-748E-E7F9DF15C112}.Debug|Any CPU.Build.0 = Debug|Any CPU
		{F0DDA60E-A821-0C4A-748E-E7F9DF15C112}.Release|Any CPU.ActiveCfg = Release|Any CPU
		{F0DDA60E-A821-0C4A-748E-E7F9DF15C112}.Release|Any CPU.Build.0 = Release|Any CPU
		{BBF6E75D-B0E8-D2D2-1076-202EB073DC0D}.Debug|Any CPU.ActiveCfg = Debug|Any CPU
		{BBF6E75D-B0E8-D2D2-1076-202EB073DC0D}.Debug|Any CPU.Build.0 = Debug|Any CPU
		{BBF6E75D-B0E8-D2D2-1076-202EB073DC0D}.Release|Any CPU.ActiveCfg = Release|Any CPU
		{BBF6E75D-B0E8-D2D2-1076-202EB073DC0D}.Release|Any CPU.Build.0 = Release|Any CPU
		{999F1F52-4B6D-B751-C304-B0B9B17DB3B5}.Debug|Any CPU.ActiveCfg = Debug|Any CPU
		{999F1F52-4B6D-B751-C304-B0B9B17DB3B5}.Debug|Any CPU.Build.0 = Debug|Any CPU
		{999F1F52-4B6D-B751-C304-B0B9B17DB3B5}.Release|Any CPU.ActiveCfg = Release|Any CPU
		{999F1F52-4B6D-B751-C304-B0B9B17DB3B5}.Release|Any CPU.Build.0 = Release|Any CPU
	EndGlobalSection
	GlobalSection(SolutionProperties) = preSolution
		HideSolutionNode = FALSE
	EndGlobalSection
EndGlobal
